
Microsoft Visual Studio Solution File, Format Version 12.00
# Visual Studio Version 16
VisualStudioVersion = 16.0.30330.147
MinimumVisualStudioVersion = 10.0.40219.1
Project("{FAE04EC0-301F-11D3-BF4B-00C04F79EFBC}") = "AVRSim", "AVRSim\AVRSim.csproj", "{83D9CF4D-A3CE-4C01-AFBA-C487F5BE570C}"
EndProject
Global
	GlobalSection(SolutionConfigurationPlatforms) = preSolution
		Debug|Any CPU = Debug|Any CPU
		Release|Any CPU = Release|Any CPU
	EndGlobalSection
	GlobalSection(ProjectConfigurationPlatforms) = postSolution
		{83D9CF4D-A3CE-4C01-AFBA-C487F5BE570C}.Debug|Any CPU.ActiveCfg = Debug|Any CPU
		{83D9CF4D-A3CE-4C01-AFBA-C487F5BE570C}.Debug|Any CPU.Build.0 = Debug|Any CPU
		{83D9CF4D-A3CE-4C01-AFBA-C487F5BE570C}.Release|Any CPU.ActiveCfg = Release|Any CPU
		{83D9CF4D-A3CE-4C01-AFBA-C487F5BE570C}.Release|Any CPU.Build.0 = Release|Any CPU
	EndGlobalSection
	GlobalSection(SolutionProperties) = preSolution
		HideSolutionNode = FALSE
	EndGlobalSection
	GlobalSection(ExtensibilityGlobals) = postSolution
		SolutionGuid = {123684A3-60C8-4506-8B79-4DFEC61E7164}
	EndGlobalSection
EndGlobal
